
Microsoft Visual Studio Solution File, Format Version 12.00
# Visual Studio Version 17
VisualStudioVersion = 17.7.34003.232
MinimumVisualStudioVersion = 10.0.40219.1
Project("{FAE04EC0-301F-11D3-BF4B-00C04F79EFBC}") = "AnimalBiosculpter", "AnimalBiosculpter.csproj", "{11D1D1CA-4813-4132-83BE-45813AE94769}"
EndProject
Global
	GlobalSection(SolutionConfigurationPlatforms) = preSolution
		Debug|Any CPU = Debug|Any CPU
		Release|Any CPU = Release|Any CPU
	EndGlobalSection
	GlobalSection(ProjectConfigurationPlatforms) = postSolution
		{11D1D1CA-4813-4132-83BE-45813AE94769}.Debug|Any CPU.ActiveCfg = Debug|Any CPU
		{11D1D1CA-4813-4132-83BE-45813AE94769}.Debug|Any CPU.Build.0 = Debug|Any CPU
		{11D1D1CA-4813-4132-83BE-45813AE94769}.Release|Any CPU.ActiveCfg = Release|Any CPU
		{11D1D1CA-4813-4132-83BE-45813AE94769}.Release|Any CPU.Build.0 = Release|Any CPU
	EndGlobalSection
	GlobalSection(SolutionProperties) = preSolution
		HideSolutionNode = FALSE
	EndGlobalSection
	GlobalSection(ExtensibilityGlobals) = postSolution
		SolutionGuid = {7D54AEFA-C0B4-427E-BA70-FFD748930A66}
	EndGlobalSection
EndGlobal
